
Microsoft Visual Studio Solution File, Format Version 12.00
# Visual Studio Version 17
VisualStudioVersion = 17.3.32811.315
MinimumVisualStudioVersion = 10.0.40219.1
Project("{FAE04EC0-301F-11D3-BF4B-00C04F79EFBC}") = "FizzBuzzProblem.Library", "FizzBuzzProblem.Library\FizzBuzzProblem.Library.csproj", "{EB805F25-FE97-4907-9CB6-A086AB3AE37C}"
EndProject
Project("{FAE04EC0-301F-11D3-BF4B-00C04F79EFBC}") = "FizzBuzz.Library.Tests", "FizzBuzz.Library.Test\FizzBuzz.Library.Tests.csproj", "{ED9054B9-B2B6-4E49-8424-AA37720C962F}"
EndProject
Project("{FAE04EC0-301F-11D3-BF4B-00C04F79EFBC}") = "FizzBuzzProblemSolution", "FizzBuzzProblemSolution\FizzBuzzProblemSolution.csproj", "{7321EEF6-18D7-4F5C-80B1-14F6DAA6DB2C}"
EndProject
Global
	GlobalSection(SolutionConfigurationPlatforms) = preSolution
		Debug|Any CPU = Debug|Any CPU
		Release|Any CPU = Release|Any CPU
	EndGlobalSection
	GlobalSection(ProjectConfigurationPlatforms) = postSolution
		{EB805F25-FE97-4907-9CB6-A086AB3AE37C}.Debug|Any CPU.ActiveCfg = Debug|Any CPU
		{EB805F25-FE97-4907-9CB6-A086AB3AE37C}.Debug|Any CPU.Build.0 = Debug|Any CPU
		{EB805F25-FE97-4907-9CB6-A086AB3AE37C}.Release|Any CPU.ActiveCfg = Release|Any CPU
		{EB805F25-FE97-4907-9CB6-A086AB3AE37C}.Release|Any CPU.Build.0 = Release|Any CPU
		{ED9054B9-B2B6-4E49-8424-AA37720C962F}.Debug|Any CPU.ActiveCfg = Debug|Any CPU
		{ED9054B9-B2B6-4E49-8424-AA37720C962F}.Debug|Any CPU.Build.0 = Debug|Any CPU
		{ED9054B9-B2B6-4E49-8424-AA37720C962F}.Release|Any CPU.ActiveCfg = Release|Any CPU
		{ED9054B9-B2B6-4E49-8424-AA37720C962F}.Release|Any CPU.Build.0 = Release|Any CPU
		{7321EEF6-18D7-4F5C-80B1-14F6DAA6DB2C}.Debug|Any CPU.ActiveCfg = Debug|Any CPU
		{7321EEF6-18D7-4F5C-80B1-14F6DAA6DB2C}.Debug|Any CPU.Build.0 = Debug|Any CPU
		{7321EEF6-18D7-4F5C-80B1-14F6DAA6DB2C}.Release|Any CPU.ActiveCfg = Release|Any CPU
		{7321EEF6-18D7-4F5C-80B1-14F6DAA6DB2C}.Release|Any CPU.Build.0 = Release|Any CPU
	EndGlobalSection
	GlobalSection(SolutionProperties) = preSolution
		HideSolutionNode = FALSE
	EndGlobalSection
	GlobalSection(ExtensibilityGlobals) = postSolution
		SolutionGuid = {007C7F6A-B8DB-4EA5-A55A-916469A593DD}
	EndGlobalSection
EndGlobal
